
Microsoft Visual Studio Solution File, Format Version 12.00
# Visual Studio 15
VisualStudioVersion = 15.0.28307.421
MinimumVisualStudioVersion = 10.0.40219.1
Project("{FAE04EC0-301F-11D3-BF4B-00C04F79EFBC}") = "AspNetCoreDemo", "AspNetCoreDemo\AspNetCoreDemo.csproj", "{552EE9D7-26DB-4504-AE58-97344AB989CF}"
EndProject
Global
	GlobalSection(SolutionConfigurationPlatforms) = preSolution
		Debug|Any CPU = Debug|Any CPU
		Release|Any CPU = Release|Any CPU
	EndGlobalSection
	GlobalSection(ProjectConfigurationPlatforms) = postSolution
		{552EE9D7-26DB-4504-AE58-97344AB989CF}.Debug|Any CPU.ActiveCfg = Debug|Any CPU
		{552EE9D7-26DB-4504-AE58-97344AB989CF}.Debug|Any CPU.Build.0 = Debug|Any CPU
		{552EE9D7-26DB-4504-AE58-97344AB989CF}.Release|Any CPU.ActiveCfg = Release|Any CPU
		{552EE9D7-26DB-4504-AE58-97344AB989CF}.Release|Any CPU.Build.0 = Release|Any CPU
	EndGlobalSection
	GlobalSection(SolutionProperties) = preSolution
		HideSolutionNode = FALSE
	EndGlobalSection
	GlobalSection(ExtensibilityGlobals) = postSolution
		SolutionGuid = {996CF90B-510F-45C2-AF5E-E09EEE9A1699}
	EndGlobalSection
EndGlobal
